{
    "_readme": [
        "This file locks the dependencies of your project to a known state",
        "Read more about it at https://getcomposer.org/doc/01-basic-usage.md#composer-lock-the-lock-file",
        "This file is @generated automatically"
    ],
    "content-hash": "f4f59da540a316fbff39b449dad823b3",
    "packages": [
        {
            "name": "magento-ecg/coding-standard",
            "version": "2.0",
            "source": {
                "type": "git",
                "url": "https://github.com/magento-ecg/coding-standard.git",
                "reference": "eea9b1d1a21d844f28eb65b0d66a1a4c320e0d6b"
            },
            "dist": {
                "type": "zip",
                "url": "https://api.github.com/repos/magento-ecg/coding-standard/zipball/eea9b1d1a21d844f28eb65b0d66a1a4c320e0d6b",
                "reference": "eea9b1d1a21d844f28eb65b0d66a1a4c320e0d6b",
                "shasum": ""
            },
            "require": {
                "php": ">=5.4.0"
            },
            "type": "library",
            "notification-url": "https://packagist.org/downloads/",
            "license": [
                "MIT"
            ],
            "authors": [
                {
                    "name": "Magento Expert Consulting Group",
                    "homepage": "http://magentocommerce.com/consulting",
                    "role": "Maintainer"
                }
            ],
            "description": "A set of PHP_CodeSniffer rules and sniffs.",
            "homepage": "https://github.com/magento-ecg/coding-standard",
            "time": "2015-12-18T16:52:59+00:00"
        }
    ],
    "packages-dev": [],
    "aliases": [],
    "minimum-stability": "stable",
    "stability-flags": [],
    "prefer-stable": false,
    "prefer-lowest": false,
    "platform": [],
    "platform-dev": []
}
